
Microsoft Visual Studio Solution File, Format Version 12.00
# Visual Studio Version 17
VisualStudioVersion = 17.9.34607.119
MinimumVisualStudioVersion = 10.0.40219.1
Project("{FAE04EC0-301F-11D3-BF4B-00C04F79EFBC}") = "SqliteProj", "SqliteProj\SqliteProj.csproj", "{CAFF7FD1-5879-4619-9445-A96058EB1FFE}"
EndProject
Global
	GlobalSection(SolutionConfigurationPlatforms) = preSolution
		Debug|Any CPU = Debug|Any CPU
		Release|Any CPU = Release|Any CPU
	EndGlobalSection
	GlobalSection(ProjectConfigurationPlatforms) = postSolution
		{CAFF7FD1-5879-4619-9445-A96058EB1FFE}.Debug|Any CPU.ActiveCfg = Debug|Any CPU
		{CAFF7FD1-5879-4619-9445-A96058EB1FFE}.Debug|Any CPU.Build.0 = Debug|Any CPU
		{CAFF7FD1-5879-4619-9445-A96058EB1FFE}.Debug|Any CPU.Deploy.0 = Debug|Any CPU
		{CAFF7FD1-5879-4619-9445-A96058EB1FFE}.Release|Any CPU.ActiveCfg = Release|Any CPU
		{CAFF7FD1-5879-4619-9445-A96058EB1FFE}.Release|Any CPU.Build.0 = Release|Any CPU
		{CAFF7FD1-5879-4619-9445-A96058EB1FFE}.Release|Any CPU.Deploy.0 = Release|Any CPU
	EndGlobalSection
	GlobalSection(SolutionProperties) = preSolution
		HideSolutionNode = FALSE
	EndGlobalSection
	GlobalSection(ExtensibilityGlobals) = postSolution
		SolutionGuid = {D2408CA7-0A2B-4FF8-A6FF-E3ED509AD999}
	EndGlobalSection
EndGlobal
